---
- PolymerElements/font-roboto
- PolymerElements/iron-a11y-announcer
- PolymerElements/iron-a11y-keys-behavior
- PolymerElements/iron-ajax
- PolymerElements/iron-behaviors
- PolymerElements/iron-checked-element-behavior
- PolymerElements/iron-flex-layout
- PolymerElements/iron-form
- PolymerElements/iron-form-element-behavior
- PolymerElements/iron-icon
- PolymerElements/iron-icons
- PolymerElements/iron-iconset-svg
- PolymerElements/iron-image
- PolymerElements/iron-input
- PolymerElements/iron-meta
- PolymerElements/iron-validatable-behavior
- PolymerElements/paper-behaviors
- PolymerElements/paper-button
- PolymerElements/paper-card
- PolymerElements/paper-checkbox
- PolymerElements/paper-input
- PolymerElements/paper-ripple
- justinribeiro/paper-snackbar
- PolymerElements/paper-styles
- Polymer/polymer
- webcomponents/shadycss
- webcomponents/webcomponentsjs
