---
- :component: PolymerElements/font-roboto
  :branch: "(HEAD detached at 5c5aba2)"
  :commit: 5c5aba2e54f13b7460535799119bf8ef66ef7ad5
- :component: LostInBrittany/granite-spinner
  :branch: "(HEAD detached from 2bb6ad0)"
  :commit: 7c603288a4e7cfc2567c3df1517becfe7c343888
- :component: PolymerElements/iron-a11y-announcer
  :branch: "(HEAD detached at db2857f)"
  :commit: db2857f7e98ad3138cd089d04324cd4936a0b01f
- :component: PolymerElements/iron-a11y-keys-behavior
  :branch: "(HEAD detached at 0c2330c)"
  :commit: 0c2330c229a6fd3d200e2b84147ec6f94f17c22d
- :component: PolymerElements/iron-ajax
  :branch: "(HEAD detached at 5bd7bb3)"
  :commit: 5bd7bb3f4f2112c41a83b11518a1056b249e903e
- :component: PolymerElements/iron-behaviors
  :branch: "(HEAD detached at 3d14077)"
  :commit: 3d14077db6781a495157dd7c7e648e271bea6c82
- :component: PolymerElements/iron-checked-element-behavior
  :branch: "(HEAD detached at 10500a1)"
  :commit: 10500a16e61e6f809f64d5c811cd5082428385c5
- :component: PolymerElements/iron-flex-layout
  :branch: "(HEAD detached at 19a5069)"
  :commit: 19a506928adb03cdee23e96f2d6fafd326168a58
- :component: PolymerElements/iron-form
  :branch: "(HEAD detached at 9a18cf0)"
  :commit: 9a18cf067a8bb0007bdb1bc351deb0a18a5335d5
- :component: PolymerElements/iron-form-element-behavior
  :branch: "(HEAD detached at c10dd7e)"
  :commit: c10dd7e86d953dfa498c2ef4a752b8fa2e525438
- :component: PolymerElements/iron-icon
  :branch: "(HEAD detached at e77365a)"
  :commit: e77365a99a4e6331f95048dcc9f7da3496b3ff2d
- :component: PolymerElements/iron-icons
  :branch: master
  :commit: 8d999f711c42366c7f81247eddbd11882b473533
- :component: PolymerElements/iron-iconset-svg
  :branch: "(HEAD detached at b6ee7c9)"
  :commit: b6ee7c93b696c7adb8b1764fb483feabc8432701
- :component: PolymerElements/iron-image
  :branch: master
  :commit: adf47a137f6cc48e82013d8e4e7ccb987d015a66
- :component: PolymerElements/iron-input
  :branch: "(HEAD detached at 60e8fcd)"
  :commit: 60e8fcd3646e8efc6bd72efd94f4d7e224899b4e
- :component: PolymerElements/iron-meta
  :branch: "(HEAD detached at 5f8676a)"
  :commit: 5f8676a947169eaad8d154f7fdec3e0585d5859f
- :component: PolymerElements/iron-validatable-behavior
  :branch: "(HEAD detached at 2ecd3f4)"
  :commit: 2ecd3f411e298733b29f1660f75cb9b03ea31d77
- :component: PolymerElements/paper-behaviors
  :branch: "(HEAD detached at b91e1a8)"
  :commit: b91e1a8283137d8f387297278a6ffc73e4a79bcf
- :component: PolymerElements/paper-button
  :branch: "(HEAD detached at 108ee15)"
  :commit: 108ee15a95d07707f249ceca1555bba7fc19c62c
- :component: PolymerElements/paper-card
  :branch: "(HEAD detached at 9ac7e53)"
  :commit: 9ac7e5384437ca3ec936907861e94ef902fe6939
- :component: PolymerElements/paper-checkbox
  :branch: "(HEAD detached at aef071d)"
  :commit: aef071da87097abe3bba8768974c65eb8ae030aa
- :component: PolymerElements/paper-input
  :branch: "(HEAD detached at 52ac751)"
  :commit: 52ac75181d3fe6394472822344a7f6436eb119e2
- :component: PolymerElements/paper-ripple
  :branch: "(HEAD detached at 2ecb247)"
  :commit: 2ecb2474450e47cd5e2c6d94a8e46c10f218b906
- :component: justinribeiro/paper-snackbar
  :branch: "(HEAD detached at 2f60252)"
  :commit: 2f60252977be3ee259ed50086e56324e725e8b9f
- :component: PolymerElements/paper-styles
  :branch: "(HEAD detached at fbbfbea)"
  :commit: fbbfbea8a21bd5a8185142ba467e72e93baf75f5
- :component: Polymer/polymer
  :branch: "(HEAD detached at b73caea)"
  :commit: b73caea07633c4bf69c59cd96769553733ea6c07
- :component: webcomponents/shadycss
  :branch: "(HEAD detached at c342c61)"
  :commit: c342c6149b19b449024e655b1562fb6f51b52177
- :component: webcomponents/webcomponentsjs
  :branch: "(HEAD detached at 6925986)"
  :commit: 6925986cc5fd319fb17b0d918d3e6b0a8d18633f
